
Microsoft Visual Studio Solution File, Format Version 12.00
# Visual Studio Version 16
VisualStudioVersion = 16.0.29806.167
MinimumVisualStudioVersion = 10.0.40219.1
Project("{9A19103F-16F7-4668-BE54-9A1E7A4F7556}") = "TokenGrabber", "TokenGrabber.csproj", "{4FEA9B40-0D14-4D55-B117-D6A578A2B273}"
EndProject
Global
	GlobalSection(SolutionConfigurationPlatforms) = preSolution
		Debug|Any CPU = Debug|Any CPU
		Release|Any CPU = Release|Any CPU
	EndGlobalSection
	GlobalSection(ProjectConfigurationPlatforms) = postSolution
		{4FEA9B40-0D14-4D55-B117-D6A578A2B273}.Debug|Any CPU.ActiveCfg = Debug|Any CPU
		{4FEA9B40-0D14-4D55-B117-D6A578A2B273}.Debug|Any CPU.Build.0 = Debug|Any CPU
		{4FEA9B40-0D14-4D55-B117-D6A578A2B273}.Release|Any CPU.ActiveCfg = Release|Any CPU
		{4FEA9B40-0D14-4D55-B117-D6A578A2B273}.Release|Any CPU.Build.0 = Release|Any CPU
	EndGlobalSection
	GlobalSection(SolutionProperties) = preSolution
		HideSolutionNode = FALSE
	EndGlobalSection
	GlobalSection(ExtensibilityGlobals) = postSolution
		SolutionGuid = {0B0CC9DC-2C91-448E-9592-E3EF019A6CD4}
	EndGlobalSection
EndGlobal
